
Microsoft Visual Studio Solution File, Format Version 12.00
# Visual Studio Version 17
VisualStudioVersion = 17.9.34622.214
MinimumVisualStudioVersion = 10.0.40219.1
Project("{9A19103F-16F7-4668-BE54-9A1E7A4F7556}") = "BankSystem.Api", "BankSystem.Api\BankSystem.Api.csproj", "{518C04F8-9E97-4798-B995-340DDCF8DAA1}"
EndProject
Project("{9A19103F-16F7-4668-BE54-9A1E7A4F7556}") = "BankSystem.Domain", "BankSystem.Domain\BankSystem.Domain.csproj", "{C7C6C717-ACCA-47E7-9819-1157F25AB473}"
EndProject
Project("{9A19103F-16F7-4668-BE54-9A1E7A4F7556}") = "BankSystem.Application", "BankSystem.Application\BankSystem.Application.csproj", "{774AD0AD-93C0-434E-9833-AA4489F56792}"
EndProject
Project("{9A19103F-16F7-4668-BE54-9A1E7A4F7556}") = "BankSystem.Infrastructure", "BankSystem.Infrastructur\BankSystem.Infrastructure.csproj", "{7A4BEDF5-FAB3-4E8F-98A8-A5AD00BFC90B}"
EndProject
Global
	GlobalSection(SolutionConfigurationPlatforms) = preSolution
		Debug|Any CPU = Debug|Any CPU
		Release|Any CPU = Release|Any CPU
	EndGlobalSection
	GlobalSection(ProjectConfigurationPlatforms) = postSolution
		{518C04F8-9E97-4798-B995-340DDCF8DAA1}.Debug|Any CPU.ActiveCfg = Debug|Any CPU
		{518C04F8-9E97-4798-B995-340DDCF8DAA1}.Debug|Any CPU.Build.0 = Debug|Any CPU
		{518C04F8-9E97-4798-B995-340DDCF8DAA1}.Release|Any CPU.ActiveCfg = Release|Any CPU
		{518C04F8-9E97-4798-B995-340DDCF8DAA1}.Release|Any CPU.Build.0 = Release|Any CPU
		{C7C6C717-ACCA-47E7-9819-1157F25AB473}.Debug|Any CPU.ActiveCfg = Debug|Any CPU
		{C7C6C717-ACCA-47E7-9819-1157F25AB473}.Debug|Any CPU.Build.0 = Debug|Any CPU
		{C7C6C717-ACCA-47E7-9819-1157F25AB473}.Release|Any CPU.ActiveCfg = Release|Any CPU
		{C7C6C717-ACCA-47E7-9819-1157F25AB473}.Release|Any CPU.Build.0 = Release|Any CPU
		{774AD0AD-93C0-434E-9833-AA4489F56792}.Debug|Any CPU.ActiveCfg = Debug|Any CPU
		{774AD0AD-93C0-434E-9833-AA4489F56792}.Debug|Any CPU.Build.0 = Debug|Any CPU
		{774AD0AD-93C0-434E-9833-AA4489F56792}.Release|Any CPU.ActiveCfg = Release|Any CPU
		{774AD0AD-93C0-434E-9833-AA4489F56792}.Release|Any CPU.Build.0 = Release|Any CPU
		{7A4BEDF5-FAB3-4E8F-98A8-A5AD00BFC90B}.Debug|Any CPU.ActiveCfg = Debug|Any CPU
		{7A4BEDF5-FAB3-4E8F-98A8-A5AD00BFC90B}.Debug|Any CPU.Build.0 = Debug|Any CPU
		{7A4BEDF5-FAB3-4E8F-98A8-A5AD00BFC90B}.Release|Any CPU.ActiveCfg = Release|Any CPU
		{7A4BEDF5-FAB3-4E8F-98A8-A5AD00BFC90B}.Release|Any CPU.Build.0 = Release|Any CPU
	EndGlobalSection
	GlobalSection(SolutionProperties) = preSolution
		HideSolutionNode = FALSE
	EndGlobalSection
	GlobalSection(ExtensibilityGlobals) = postSolution
		SolutionGuid = {3F73CAA9-3258-42A1-848F-BFB2DB164628}
	EndGlobalSection
EndGlobal
